
Microsoft Visual Studio Solution File, Format Version 12.00
# Visual Studio 15
VisualStudioVersion = 15.0.26730.12
MinimumVisualStudioVersion = 10.0.40219.1
Project("{FAE04EC0-301F-11D3-BF4B-00C04F79EFBC}") = "dnscrypt-blacklist-generator", "dnscrypt-blacklist-generator\dnscrypt-blacklist-generator.csproj", "{0F5C7FC0-2CEB-4201-92EA-A8CB01B22B09}"
EndProject
Global
	GlobalSection(SolutionConfigurationPlatforms) = preSolution
		Debug|Any CPU = Debug|Any CPU
		Release|Any CPU = Release|Any CPU
	EndGlobalSection
	GlobalSection(ProjectConfigurationPlatforms) = postSolution
		{0F5C7FC0-2CEB-4201-92EA-A8CB01B22B09}.Debug|Any CPU.ActiveCfg = Debug|Any CPU
		{0F5C7FC0-2CEB-4201-92EA-A8CB01B22B09}.Debug|Any CPU.Build.0 = Debug|Any CPU
		{0F5C7FC0-2CEB-4201-92EA-A8CB01B22B09}.Release|Any CPU.ActiveCfg = Release|Any CPU
		{0F5C7FC0-2CEB-4201-92EA-A8CB01B22B09}.Release|Any CPU.Build.0 = Release|Any CPU
	EndGlobalSection
	GlobalSection(SolutionProperties) = preSolution
		HideSolutionNode = FALSE
	EndGlobalSection
	GlobalSection(ExtensibilityGlobals) = postSolution
		SolutionGuid = {62ADFEAB-3ED7-461E-8B7A-F6C5BC6DD54D}
	EndGlobalSection
EndGlobal
